
Microsoft Visual Studio Solution File, Format Version 12.00
# Visual Studio Version 17
VisualStudioVersion = 17.8.34330.188
MinimumVisualStudioVersion = 10.0.40219.1
Project("{FAE04EC0-301F-11D3-BF4B-00C04F79EFBC}") = "BlazorFileUpload.Server", "BlazorFileUpload\Server\BlazorFileUpload.Server.csproj", "{30CDCB29-9707-4CD1-BCF9-3CE330A3D807}"
EndProject
Project("{FAE04EC0-301F-11D3-BF4B-00C04F79EFBC}") = "BlazorFileUpload.Client", "BlazorFileUpload\Client\BlazorFileUpload.Client.csproj", "{55FF0644-49EF-4985-B614-55F34B76DF10}"
EndProject
Project("{FAE04EC0-301F-11D3-BF4B-00C04F79EFBC}") = "BlazorFileUpload.Shared", "BlazorFileUpload\Shared\BlazorFileUpload.Shared.csproj", "{0521E2DB-5BAB-4181-A46E-CA9F52298927}"
EndProject
Global
	GlobalSection(SolutionConfigurationPlatforms) = preSolution
		Debug|Any CPU = Debug|Any CPU
		Release|Any CPU = Release|Any CPU
	EndGlobalSection
	GlobalSection(ProjectConfigurationPlatforms) = postSolution
		{30CDCB29-9707-4CD1-BCF9-3CE330A3D807}.Debug|Any CPU.ActiveCfg = Debug|Any CPU
		{30CDCB29-9707-4CD1-BCF9-3CE330A3D807}.Debug|Any CPU.Build.0 = Debug|Any CPU
		{30CDCB29-9707-4CD1-BCF9-3CE330A3D807}.Release|Any CPU.ActiveCfg = Release|Any CPU
		{30CDCB29-9707-4CD1-BCF9-3CE330A3D807}.Release|Any CPU.Build.0 = Release|Any CPU
		{55FF0644-49EF-4985-B614-55F34B76DF10}.Debug|Any CPU.ActiveCfg = Debug|Any CPU
		{55FF0644-49EF-4985-B614-55F34B76DF10}.Debug|Any CPU.Build.0 = Debug|Any CPU
		{55FF0644-49EF-4985-B614-55F34B76DF10}.Release|Any CPU.ActiveCfg = Release|Any CPU
		{55FF0644-49EF-4985-B614-55F34B76DF10}.Release|Any CPU.Build.0 = Release|Any CPU
		{0521E2DB-5BAB-4181-A46E-CA9F52298927}.Debug|Any CPU.ActiveCfg = Debug|Any CPU
		{0521E2DB-5BAB-4181-A46E-CA9F52298927}.Debug|Any CPU.Build.0 = Debug|Any CPU
		{0521E2DB-5BAB-4181-A46E-CA9F52298927}.Release|Any CPU.ActiveCfg = Release|Any CPU
		{0521E2DB-5BAB-4181-A46E-CA9F52298927}.Release|Any CPU.Build.0 = Release|Any CPU
	EndGlobalSection
	GlobalSection(SolutionProperties) = preSolution
		HideSolutionNode = FALSE
	EndGlobalSection
	GlobalSection(ExtensibilityGlobals) = postSolution
		SolutionGuid = {6B8E2FF1-7C2E-4B06-85BA-6A322DFEABA5}
	EndGlobalSection
EndGlobal
